// !$*UTF8*$!
{
	archiveVersion = 1;
	classes = {
	};
	objectVersion = 55;
	objects = {

/* Begin PBXBuildFile section */
		311FF253282027AA0030ADC6 /* AppDelegate.swift in Sources */ = {isa = PBXBuildFile; fileRef = 311FF252282027AA0030ADC6 /* AppDelegate.swift */; };
		311FF255282027AA0030ADC6 /* SceneDelegate.swift in Sources */ = {isa = PBXBuildFile; fileRef = 311FF254282027AA0030ADC6 /* SceneDelegate.swift */; };
		311FF257282027AA0030ADC6 /* MainViewController.swift in Sources */ = {isa = PBXBuildFile; fileRef = 311FF256282027AA0030ADC6 /* MainViewController.swift */; };
		311FF25A282027AA0030ADC6 /* Main.storyboard in Resources */ = {isa = PBXBuildFile; fileRef = 311FF258282027AA0030ADC6 /* Main.storyboard */; };
		311FF25C282027AE0030ADC6 /* Assets.xcassets in Resources */ = {isa = PBXBuildFile; fileRef = 311FF25B282027AE0030ADC6 /* Assets.xcassets */; };
		311FF25F282027AE0030ADC6 /* LaunchScreen.storyboard in Resources */ = {isa = PBXBuildFile; fileRef = 311FF25D282027AE0030ADC6 /* LaunchScreen.storyboard */; };
		315F71A4282A2D570005DD96 /* BottomSheetViewController.swift in Sources */ = {isa = PBXBuildFile; fileRef = 315F71A3282A2D570005DD96 /* BottomSheetViewController.swift */; };
		31C9B5B02826B69D00B0BF62 /* UsedListViewController.swift in Sources */ = {isa = PBXBuildFile; fileRef = 31C9B5AF2826B69D00B0BF62 /* UsedListViewController.swift */; };
		31DD439F2829593E0030E1D9 /* Utility.swift in Sources */ = {isa = PBXBuildFile; fileRef = 31DD439E2829593E0030E1D9 /* Utility.swift */; };
		31DD43A3282A231B0030E1D9 /* UsedListViewCell.swift in Sources */ = {isa = PBXBuildFile; fileRef = 31DD43A2282A231B0030E1D9 /* UsedListViewCell.swift */; };
		31F169A22820E59D006DF09A /* ExchangeHomeViewController.swift in Sources */ = {isa = PBXBuildFile; fileRef = 31F169A12820E59D006DF09A /* ExchangeHomeViewController.swift */; };
		31F169A52820E759006DF09A /* Then in Frameworks */ = {isa = PBXBuildFile; productRef = 31F169A42820E759006DF09A /* Then */; };
		31F169A82820E768006DF09A /* SnapKit in Frameworks */ = {isa = PBXBuildFile; productRef = 31F169A72820E768006DF09A /* SnapKit */; };
		31F169AB2820EDF7006DF09A /* Extension.swift in Sources */ = {isa = PBXBuildFile; fileRef = 31F169AA2820EDF7006DF09A /* Extension.swift */; };
		31F169AE2820F443006DF09A /* NumberPadViewController.swift in Sources */ = {isa = PBXBuildFile; fileRef = 31F169AD2820F443006DF09A /* NumberPadViewController.swift */; };
		31F169B228251038006DF09A /* CurrencyExchangeAPI.swift in Sources */ = {isa = PBXBuildFile; fileRef = 31F169B128251038006DF09A /* CurrencyExchangeAPI.swift */; };
		31F169B528253DBA006DF09A /* CurrencyExchangeEntity.swift in Sources */ = {isa = PBXBuildFile; fileRef = 31F169B428253DBA006DF09A /* CurrencyExchangeEntity.swift */; };
/* End PBXBuildFile section */

/* Begin PBXFileReference section */
		311FF24F282027AA0030ADC6 /* TravelCurrencyExchange.app */ = {isa = PBXFileReference; explicitFileType = wrapper.application; includeInIndex = 0; path = TravelCurrencyExchange.app; sourceTree = BUILT_PRODUCTS_DIR; };
		311FF252282027AA0030ADC6 /* AppDelegate.swift */ = {isa = PBXFileReference; lastKnownFileType = sourcecode.swift; path = AppDelegate.swift; sourceTree = "<group>"; };
		311FF254282027AA0030ADC6 /* SceneDelegate.swift */ = {isa = PBXFileReference; lastKnownFileType = sourcecode.swift; path = SceneDelegate.swift; sourceTree = "<group>"; };
		311FF256282027AA0030ADC6 /* MainViewController.swift */ = {isa = PBXFileReference; lastKnownFileType = sourcecode.swift; path = MainViewController.swift; sourceTree = "<group>"; };
		311FF259282027AA0030ADC6 /* Base */ = {isa = PBXFileReference; lastKnownFileType = file.storyboard; name = Base; path = Base.lproj/Main.storyboard; sourceTree = "<group>"; };
		311FF25B282027AE0030ADC6 /* Assets.xcassets */ = {isa = PBXFileReference; lastKnownFileType = folder.assetcatalog; path = Assets.xcassets; sourceTree = "<group>"; };
		311FF25E282027AE0030ADC6 /* Base */ = {isa = PBXFileReference; lastKnownFileType = file.storyboard; name = Base; path = Base.lproj/LaunchScreen.storyboard; sourceTree = "<group>"; };
		311FF260282027AE0030ADC6 /* Info.plist */ = {isa = PBXFileReference; lastKnownFileType = text.plist.xml; path = Info.plist; sourceTree = "<group>"; };
		315F71A3282A2D570005DD96 /* BottomSheetViewController.swift */ = {isa = PBXFileReference; lastKnownFileType = sourcecode.swift; path = BottomSheetViewController.swift; sourceTree = "<group>"; };
		31C9B5AF2826B69D00B0BF62 /* UsedListViewController.swift */ = {isa = PBXFileReference; lastKnownFileType = sourcecode.swift; path = UsedListViewController.swift; sourceTree = "<group>"; };
		31DD439E2829593E0030E1D9 /* Utility.swift */ = {isa = PBXFileReference; lastKnownFileType = sourcecode.swift; path = Utility.swift; sourceTree = "<group>"; };
		31DD43A2282A231B0030E1D9 /* UsedListViewCell.swift */ = {isa = PBXFileReference; lastKnownFileType = sourcecode.swift; path = UsedListViewCell.swift; sourceTree = "<group>"; };
		31F169A12820E59D006DF09A /* ExchangeHomeViewController.swift */ = {isa = PBXFileReference; lastKnownFileType = sourcecode.swift; path = ExchangeHomeViewController.swift; sourceTree = "<group>"; };
		31F169AA2820EDF7006DF09A /* Extension.swift */ = {isa = PBXFileReference; lastKnownFileType = sourcecode.swift; path = Extension.swift; sourceTree = "<group>"; };
		31F169AD2820F443006DF09A /* NumberPadViewController.swift */ = {isa = PBXFileReference; lastKnownFileType = sourcecode.swift; path = NumberPadViewController.swift; sourceTree = "<group>"; };
		31F169B128251038006DF09A /* CurrencyExchangeAPI.swift */ = {isa = PBXFileReference; lastKnownFileType = sourcecode.swift; path = CurrencyExchangeAPI.swift; sourceTree = "<group>"; };
		31F169B428253DBA006DF09A /* CurrencyExchangeEntity.swift */ = {isa = PBXFileReference; lastKnownFileType = sourcecode.swift; path = CurrencyExchangeEntity.swift; sourceTree = "<group>"; };
/* End PBXFileReference section */

/* Begin PBXFrameworksBuildPhase section */
		311FF24C282027AA0030ADC6 /* Frameworks */ = {
			isa = PBXFrameworksBuildPhase;
			buildActionMask = 2147483647;
			files = (
				31F169A52820E759006DF09A /* Then in Frameworks */,
				31F169A82820E768006DF09A /* SnapKit in Frameworks */,
			);
			runOnlyForDeploymentPostprocessing = 0;
		};
/* End PBXFrameworksBuildPhase section */

/* Begin PBXGroup section */
		311FF246282027AA0030ADC6 = {
			isa = PBXGroup;
			children = (
				311FF251282027AA0030ADC6 /* TravelCurrencyExchange */,
				311FF250282027AA0030ADC6 /* Products */,
			);
			sourceTree = "<group>";
		};
		311FF250282027AA0030ADC6 /* Products */ = {
			isa = PBXGroup;
			children = (
				311FF24F282027AA0030ADC6 /* TravelCurrencyExchange.app */,
			);
			name = Products;
			sourceTree = "<group>";
		};
		311FF251282027AA0030ADC6 /* TravelCurrencyExchange */ = {
			isa = PBXGroup;
			children = (
				311FF266282027C40030ADC6 /* View */,
				31F169A92820EDED006DF09A /* Utility */,
				31F169AF28251003006DF09A /* Repository */,
				31F169B328253DA2006DF09A /* Entitiy */,
				311FF252282027AA0030ADC6 /* AppDelegate.swift */,
				311FF254282027AA0030ADC6 /* SceneDelegate.swift */,
				311FF258282027AA0030ADC6 /* Main.storyboard */,
				311FF25B282027AE0030ADC6 /* Assets.xcassets */,
				311FF25D282027AE0030ADC6 /* LaunchScreen.storyboard */,
				311FF260282027AE0030ADC6 /* Info.plist */,
			);
			path = TravelCurrencyExchange;
			sourceTree = "<group>";
		};
		311FF266282027C40030ADC6 /* View */ = {
			isa = PBXGroup;
			children = (
				311FF256282027AA0030ADC6 /* MainViewController.swift */,
				31F169A02820E586006DF09A /* Core */,
				31F169AC2820F428006DF09A /* Component */,
			);
			path = View;
			sourceTree = "<group>";
		};
		315F71A2282A2D4B0005DD96 /* BottomSheet */ = {
			isa = PBXGroup;
			children = (
				315F71A3282A2D570005DD96 /* BottomSheetViewController.swift */,
			);
			path = BottomSheet;
			sourceTree = "<group>";
		};
		31DD43A0282A22EF0030E1D9 /* NumberPad */ = {
			isa = PBXGroup;
			children = (
				31F169AD2820F443006DF09A /* NumberPadViewController.swift */,
			);
			path = NumberPad;
			sourceTree = "<group>";
		};
		31DD43A1282A22F70030E1D9 /* UsedList */ = {
			isa = PBXGroup;
			children = (
				31DD43A2282A231B0030E1D9 /* UsedListViewCell.swift */,
			);
			path = UsedList;
			sourceTree = "<group>";
		};
		31F169A02820E586006DF09A /* Core */ = {
			isa = PBXGroup;
			children = (
				31F169A12820E59D006DF09A /* ExchangeHomeViewController.swift */,
				31C9B5AF2826B69D00B0BF62 /* UsedListViewController.swift */,
			);
			path = Core;
			sourceTree = "<group>";
		};
		31F169A92820EDED006DF09A /* Utility */ = {
			isa = PBXGroup;
			children = (
				31F169AA2820EDF7006DF09A /* Extension.swift */,
				31DD439E2829593E0030E1D9 /* Utility.swift */,
			);
			path = Utility;
			sourceTree = "<group>";
		};
		31F169AC2820F428006DF09A /* Component */ = {
			isa = PBXGroup;
			children = (
				315F71A2282A2D4B0005DD96 /* BottomSheet */,
				31DD43A0282A22EF0030E1D9 /* NumberPad */,
				31DD43A1282A22F70030E1D9 /* UsedList */,
			);
			path = Component;
			sourceTree = "<group>";
		};
		31F169AF28251003006DF09A /* Repository */ = {
			isa = PBXGroup;
			children = (
				31F169B02825100D006DF09A /* Network */,
			);
			path = Repository;
			sourceTree = "<group>";
		};
		31F169B02825100D006DF09A /* Network */ = {
			isa = PBXGroup;
			children = (
				31F169B128251038006DF09A /* CurrencyExchangeAPI.swift */,
			);
			path = Network;
			sourceTree = "<group>";
		};
		31F169B328253DA2006DF09A /* Entitiy */ = {
			isa = PBXGroup;
			children = (
				31F169B428253DBA006DF09A /* CurrencyExchangeEntity.swift */,
			);
			path = Entitiy;
			sourceTree = "<group>";
		};
/* End PBXGroup section */

/* Begin PBXNativeTarget section */
		311FF24E282027AA0030ADC6 /* TravelCurrencyExchange */ = {
			isa = PBXNativeTarget;
			buildConfigurationList = 311FF263282027AE0030ADC6 /* Build configuration list for PBXNativeTarget "TravelCurrencyExchange" */;
			buildPhases = (
				311FF24B282027AA0030ADC6 /* Sources */,
				311FF24C282027AA0030ADC6 /* Frameworks */,
				311FF24D282027AA0030ADC6 /* Resources */,
			);
			buildRules = (
			);
			dependencies = (
			);
			name = TravelCurrencyExchange;
			packageProductDependencies = (
				31F169A42820E759006DF09A /* Then */,
				31F169A72820E768006DF09A /* SnapKit */,
			);
			productName = TravelCurrencyExchange;
			productReference = 311FF24F282027AA0030ADC6 /* TravelCurrencyExchange.app */;
			productType = "com.apple.product-type.application";
		};
/* End PBXNativeTarget section */

/* Begin PBXProject section */
		311FF247282027AA0030ADC6 /* Project object */ = {
			isa = PBXProject;
			attributes = {
				BuildIndependentTargetsInParallel = 1;
				LastSwiftUpdateCheck = 1330;
				LastUpgradeCheck = 1330;
				TargetAttributes = {
					311FF24E282027AA0030ADC6 = {
						CreatedOnToolsVersion = 13.3.1;
					};
				};
			};
			buildConfigurationList = 311FF24A282027AA0030ADC6 /* Build configuration list for PBXProject "TravelCurrencyExchange" */;
			compatibilityVersion = "Xcode 13.0";
			developmentRegion = en;
			hasScannedForEncodings = 0;
			knownRegions = (
				en,
				Base,
			);
			mainGroup = 311FF246282027AA0030ADC6;
			packageReferences = (
				31F169A32820E759006DF09A /* XCRemoteSwiftPackageReference "Then" */,
				31F169A62820E768006DF09A /* XCRemoteSwiftPackageReference "SnapKit" */,
			);
			productRefGroup = 311FF250282027AA0030ADC6 /* Products */;
			projectDirPath = "";
			projectRoot = "";
			targets = (
				311FF24E282027AA0030ADC6 /* TravelCurrencyExchange */,
			);
		};
/* End PBXProject section */

/* Begin PBXResourcesBuildPhase section */
		311FF24D282027AA0030ADC6 /* Resources */ = {
			isa = PBXResourcesBuildPhase;
			buildActionMask = 2147483647;
			files = (
				311FF25F282027AE0030ADC6 /* LaunchScreen.storyboard in Resources */,
				311FF25C282027AE0030ADC6 /* Assets.xcassets in Resources */,
				311FF25A282027AA0030ADC6 /* Main.storyboard in Resources */,
			);
			runOnlyForDeploymentPostprocessing = 0;
		};
/* End PBXResourcesBuildPhase section */

/* Begin PBXSourcesBuildPhase section */
		311FF24B282027AA0030ADC6 /* Sources */ = {
			isa = PBXSourcesBuildPhase;
			buildActionMask = 2147483647;
			files = (
				31DD439F2829593E0030E1D9 /* Utility.swift in Sources */,
				31C9B5B02826B69D00B0BF62 /* UsedListViewController.swift in Sources */,
				31F169AE2820F443006DF09A /* NumberPadViewController.swift in Sources */,
				31F169B228251038006DF09A /* CurrencyExchangeAPI.swift in Sources */,
				31DD43A3282A231B0030E1D9 /* UsedListViewCell.swift in Sources */,
				31F169B528253DBA006DF09A /* CurrencyExchangeEntity.swift in Sources */,
				31F169AB2820EDF7006DF09A /* Extension.swift in Sources */,
				315F71A4282A2D570005DD96 /* BottomSheetViewController.swift in Sources */,
				311FF257282027AA0030ADC6 /* MainViewController.swift in Sources */,
				31F169A22820E59D006DF09A /* ExchangeHomeViewController.swift in Sources */,
				311FF253282027AA0030ADC6 /* AppDelegate.swift in Sources */,
				311FF255282027AA0030ADC6 /* SceneDelegate.swift in Sources */,
			);
			runOnlyForDeploymentPostprocessing = 0;
		};
/* End PBXSourcesBuildPhase section */

/* Begin PBXVariantGroup section */
		311FF258282027AA0030ADC6 /* Main.storyboard */ = {
			isa = PBXVariantGroup;
			children = (
				311FF259282027AA0030ADC6 /* Base */,
			);
			name = Main.storyboard;
			sourceTree = "<group>";
		};
		311FF25D282027AE0030ADC6 /* LaunchScreen.storyboard */ = {
			isa = PBXVariantGroup;
			children = (
				311FF25E282027AE0030ADC6 /* Base */,
			);
			name = LaunchScreen.storyboard;
			sourceTree = "<group>";
		};
/* End PBXVariantGroup section */

/* Begin XCBuildConfiguration section */
		311FF261282027AE0030ADC6 /* Debug */ = {
			isa = XCBuildConfiguration;
			buildSettings = {
				ALWAYS_SEARCH_USER_PATHS = NO;
				CLANG_ANALYZER_NONNULL = YES;
				CLANG_ANALYZER_NUMBER_OBJECT_CONVERSION = YES_AGGRESSIVE;
				CLANG_CXX_LANGUAGE_STANDARD = "gnu++17";
				CLANG_ENABLE_MODULES = YES;
				CLANG_ENABLE_OBJC_ARC = YES;
				CLANG_ENABLE_OBJC_WEAK = YES;
				CLANG_WARN_BLOCK_CAPTURE_AUTORELEASING = YES;
				CLANG_WARN_BOOL_CONVERSION = YES;
				CLANG_WARN_COMMA = YES;
				CLANG_WARN_CONSTANT_CONVERSION = YES;
				CLANG_WARN_DEPRECATED_OBJC_IMPLEMENTATIONS = YES;
				CLANG_WARN_DIRECT_OBJC_ISA_USAGE = YES_ERROR;
				CLANG_WARN_DOCUMENTATION_COMMENTS = YES;
				CLANG_WARN_EMPTY_BODY = YES;
				CLANG_WARN_ENUM_CONVERSION = YES;
				CLANG_WARN_INFINITE_RECURSION = YES;
				CLANG_WARN_INT_CONVERSION = YES;
				CLANG_WARN_NON_LITERAL_NULL_CONVERSION = YES;
				CLANG_WARN_OBJC_IMPLICIT_RETAIN_SELF = YES;
				CLANG_WARN_OBJC_LITERAL_CONVERSION = YES;
				CLANG_WARN_OBJC_ROOT_CLASS = YES_ERROR;
				CLANG_WARN_QUOTED_INCLUDE_IN_FRAMEWORK_HEADER = YES;
				CLANG_WARN_RANGE_LOOP_ANALYSIS = YES;
				CLANG_WARN_STRICT_PROTOTYPES = YES;
				CLANG_WARN_SUSPICIOUS_MOVE = YES;
				CLANG_WARN_UNGUARDED_AVAILABILITY = YES_AGGRESSIVE;
				CLANG_WARN_UNREACHABLE_CODE = YES;
				CLANG_WARN__DUPLICATE_METHOD_MATCH = YES;
				COPY_PHASE_STRIP = NO;
				DEBUG_INFORMATION_FORMAT = dwarf;
				ENABLE_STRICT_OBJC_MSGSEND = YES;
				ENABLE_TESTABILITY = YES;
				GCC_C_LANGUAGE_STANDARD = gnu11;
				GCC_DYNAMIC_NO_PIC = NO;
				GCC_NO_COMMON_BLOCKS = YES;
				GCC_OPTIMIZATION_LEVEL = 0;
				GCC_PREPROCESSOR_DEFINITIONS = (
					"DEBUG=1",
					"$(inherited)",
				);
				GCC_WARN_64_TO_32_BIT_CONVERSION = YES;
				GCC_WARN_ABOUT_RETURN_TYPE = YES_ERROR;
				GCC_WARN_UNDECLARED_SELECTOR = YES;
				GCC_WARN_UNINITIALIZED_AUTOS = YES_AGGRESSIVE;
				GCC_WARN_UNUSED_FUNCTION = YES;
				GCC_WARN_UNUSED_VARIABLE = YES;
				IPHONEOS_DEPLOYMENT_TARGET = 15.4;
				MTL_ENABLE_DEBUG_INFO = INCLUDE_SOURCE;
				MTL_FAST_MATH = YES;
				ONLY_ACTIVE_ARCH = YES;
				SDKROOT = iphoneos;
				SWIFT_ACTIVE_COMPILATION_CONDITIONS = DEBUG;
				SWIFT_OPTIMIZATION_LEVEL = "-Onone";
			};
			name = Debug;
		};
		311FF262282027AE0030ADC6 /* Release */ = {
			isa = XCBuildConfiguration;
			buildSettings = {
				ALWAYS_SEARCH_USER_PATHS = NO;
				CLANG_ANALYZER_NONNULL = YES;
				CLANG_ANALYZER_NUMBER_OBJECT_CONVERSION = YES_AGGRESSIVE;
				CLANG_CXX_LANGUAGE_STANDARD = "gnu++17";
				CLANG_ENABLE_MODULES = YES;
				CLANG_ENABLE_OBJC_ARC = YES;
				CLANG_ENABLE_OBJC_WEAK = YES;
				CLANG_WARN_BLOCK_CAPTURE_AUTORELEASING = YES;
				CLANG_WARN_BOOL_CONVERSION = YES;
				CLANG_WARN_COMMA = YES;
				CLANG_WARN_CONSTANT_CONVERSION = YES;
				CLANG_WARN_DEPRECATED_OBJC_IMPLEMENTATIONS = YES;
				CLANG_WARN_DIRECT_OBJC_ISA_USAGE = YES_ERROR;
				CLANG_WARN_DOCUMENTATION_COMMENTS = YES;
				CLANG_WARN_EMPTY_BODY = YES;
				CLANG_WARN_ENUM_CONVERSION = YES;
				CLANG_WARN_INFINITE_RECURSION = YES;
				CLANG_WARN_INT_CONVERSION = YES;
				CLANG_WARN_NON_LITERAL_NULL_CONVERSION = YES;
				CLANG_WARN_OBJC_IMPLICIT_RETAIN_SELF = YES;
				CLANG_WARN_OBJC_LITERAL_CONVERSION = YES;
				CLANG_WARN_OBJC_ROOT_CLASS = YES_ERROR;
				CLANG_WARN_QUOTED_INCLUDE_IN_FRAMEWORK_HEADER = YES;
				CLANG_WARN_RANGE_LOOP_ANALYSIS = YES;
				CLANG_WARN_STRICT_PROTOTYPES = YES;
				CLANG_WARN_SUSPICIOUS_MOVE = YES;
				CLANG_WARN_UNGUARDED_AVAILABILITY = YES_AGGRESSIVE;
				CLANG_WARN_UNREACHABLE_CODE = YES;
				CLANG_WARN__DUPLICATE_METHOD_MATCH = YES;
				COPY_PHASE_STRIP = NO;
				DEBUG_INFORMATION_FORMAT = "dwarf-with-dsym";
				ENABLE_NS_ASSERTIONS = NO;
				ENABLE_STRICT_OBJC_MSGSEND = YES;
				GCC_C_LANGUAGE_STANDARD = gnu11;
				GCC_NO_COMMON_BLOCKS = YES;
				GCC_WARN_64_TO_32_BIT_CONVERSION = YES;
				GCC_WARN_ABOUT_RETURN_TYPE = YES_ERROR;
				GCC_WARN_UNDECLARED_SELECTOR = YES;
				GCC_WARN_UNINITIALIZED_AUTOS = YES_AGGRESSIVE;
				GCC_WARN_UNUSED_FUNCTION = YES;
				GCC_WARN_UNUSED_VARIABLE = YES;
				IPHONEOS_DEPLOYMENT_TARGET = 15.4;
				MTL_ENABLE_DEBUG_INFO = NO;
				MTL_FAST_MATH = YES;
				SDKROOT = iphoneos;
				SWIFT_COMPILATION_MODE = wholemodule;
				SWIFT_OPTIMIZATION_LEVEL = "-O";
				VALIDATE_PRODUCT = YES;
			};
			name = Release;
		};
		311FF264282027AE0030ADC6 /* Debug */ = {
			isa = XCBuildConfiguration;
			buildSettings = {
				ASSETCATALOG_COMPILER_APPICON_NAME = AppIcon;
				ASSETCATALOG_COMPILER_GLOBAL_ACCENT_COLOR_NAME = AccentColor;
				CODE_SIGN_STYLE = Automatic;
				CURRENT_PROJECT_VERSION = 1;
				DEVELOPMENT_TEAM = H5J82V5SHR;
				GENERATE_INFOPLIST_FILE = YES;
				INFOPLIST_FILE = TravelCurrencyExchange/Info.plist;
				INFOPLIST_KEY_UIApplicationSupportsIndirectInputEvents = YES;
				INFOPLIST_KEY_UILaunchStoryboardName = LaunchScreen;
				INFOPLIST_KEY_UISupportedInterfaceOrientations_iPad = "UIInterfaceOrientationPortrait UIInterfaceOrientationPortraitUpsideDown UIInterfaceOrientationLandscapeLeft UIInterfaceOrientationLandscapeRight";
				INFOPLIST_KEY_UISupportedInterfaceOrientations_iPhone = "UIInterfaceOrientationPortrait UIInterfaceOrientationLandscapeLeft UIInterfaceOrientationLandscapeRight";
				LD_RUNPATH_SEARCH_PATHS = (
					"$(inherited)",
					"@executable_path/Frameworks",
				);
				MARKETING_VERSION = 1.0;
				PRODUCT_BUNDLE_IDENTIFIER = com.haeseong.TravelCurrencyExchange;
				PRODUCT_NAME = "$(TARGET_NAME)";
				SWIFT_EMIT_LOC_STRINGS = YES;
				SWIFT_VERSION = 5.0;
				TARGETED_DEVICE_FAMILY = "1,2";
			};
			name = Debug;
		};
		311FF265282027AE0030ADC6 /* Release */ = {
			isa = XCBuildConfiguration;
			buildSettings = {
				ASSETCATALOG_COMPILER_APPICON_NAME = AppIcon;
				ASSETCATALOG_COMPILER_GLOBAL_ACCENT_COLOR_NAME = AccentColor;
				CODE_SIGN_STYLE = Automatic;
				CURRENT_PROJECT_VERSION = 1;
				DEVELOPMENT_TEAM = H5J82V5SHR;
				GENERATE_INFOPLIST_FILE = YES;
				INFOPLIST_FILE = TravelCurrencyExchange/Info.plist;
				INFOPLIST_KEY_UIApplicationSupportsIndirectInputEvents = YES;
				INFOPLIST_KEY_UILaunchStoryboardName = LaunchScreen;
				INFOPLIST_KEY_UISupportedInterfaceOrientations_iPad = "UIInterfaceOrientationPortrait UIInterfaceOrientationPortraitUpsideDown UIInterfaceOrientationLandscapeLeft UIInterfaceOrientationLandscapeRight";
				INFOPLIST_KEY_UISupportedInterfaceOrientations_iPhone = "UIInterfaceOrientationPortrait UIInterfaceOrientationLandscapeLeft UIInterfaceOrientationLandscapeRight";
				LD_RUNPATH_SEARCH_PATHS = (
					"$(inherited)",
					"@executable_path/Frameworks",
				);
				MARKETING_VERSION = 1.0;
				PRODUCT_BUNDLE_IDENTIFIER = com.haeseong.TravelCurrencyExchange;
				PRODUCT_NAME = "$(TARGET_NAME)";
				SWIFT_EMIT_LOC_STRINGS = YES;
				SWIFT_VERSION = 5.0;
				TARGETED_DEVICE_FAMILY = "1,2";
			};
			name = Release;
		};
/* End XCBuildConfiguration section */

/* Begin XCConfigurationList section */
		311FF24A282027AA0030ADC6 /* Build configuration list for PBXProject "TravelCurrencyExchange" */ = {
			isa = XCConfigurationList;
			buildConfigurations = (
				311FF261282027AE0030ADC6 /* Debug */,
				311FF262282027AE0030ADC6 /* Release */,
			);
			defaultConfigurationIsVisible = 0;
			defaultConfigurationName = Release;
		};
		311FF263282027AE0030ADC6 /* Build configuration list for PBXNativeTarget "TravelCurrencyExchange" */ = {
			isa = XCConfigurationList;
			buildConfigurations = (
				311FF264282027AE0030ADC6 /* Debug */,
				311FF265282027AE0030ADC6 /* Release */,
			);
			defaultConfigurationIsVisible = 0;
			defaultConfigurationName = Release;
		};
/* End XCConfigurationList section */

/* Begin XCRemoteSwiftPackageReference section */
		31F169A32820E759006DF09A /* XCRemoteSwiftPackageReference "Then" */ = {
			isa = XCRemoteSwiftPackageReference;
			repositoryURL = "https://github.com/devxoul/Then";
			requirement = {
				branch = master;
				kind = branch;
			};
		};
		31F169A62820E768006DF09A /* XCRemoteSwiftPackageReference "SnapKit" */ = {
			isa = XCRemoteSwiftPackageReference;
			repositoryURL = "https://github.com/SnapKit/SnapKit.git";
			requirement = {
				branch = develop;
				kind = branch;
			};
		};
/* End XCRemoteSwiftPackageReference section */

/* Begin XCSwiftPackageProductDependency section */
		31F169A42820E759006DF09A /* Then */ = {
			isa = XCSwiftPackageProductDependency;
			package = 31F169A32820E759006DF09A /* XCRemoteSwiftPackageReference "Then" */;
			productName = Then;
		};
		31F169A72820E768006DF09A /* SnapKit */ = {
			isa = XCSwiftPackageProductDependency;
			package = 31F169A62820E768006DF09A /* XCRemoteSwiftPackageReference "SnapKit" */;
			productName = SnapKit;
		};
/* End XCSwiftPackageProductDependency section */
	};
	rootObject = 311FF247282027AA0030ADC6 /* Project object */;
}
